// !$*UTF8*$!
{
	archiveVersion = 1;
	classes = {
	};
	objectVersion = 46;
	objects = {

/* Begin PBXBuildFile section */
		A9B89A371D0341BD000587EF /* AppDelegate.swift in Sources */ = {isa = PBXBuildFile; fileRef = A9B89A361D0341BD000587EF /* AppDelegate.swift */; };
		A9B89A391D0341BD000587EF /* ViewController.swift in Sources */ = {isa = PBXBuildFile; fileRef = A9B89A381D0341BD000587EF /* ViewController.swift */; };
		A9B89A3B1D0341BD000587EF /* Assets.xcassets in Resources */ = {isa = PBXBuildFile; fileRef = A9B89A3A1D0341BD000587EF /* Assets.xcassets */; };
		A9B89A3E1D0341BD000587EF /* Main.storyboard in Resources */ = {isa = PBXBuildFile; fileRef = A9B89A3C1D0341BD000587EF /* Main.storyboard */; };
/* End PBXBuildFile section */

/* Begin PBXFileReference section */
		A9B89A331D0341BD000587EF /* OutlineViewReorder.app */ = {isa = PBXFileReference; explicitFileType = wrapper.application; includeInIndex = 0; path = OutlineViewReorder.app; sourceTree = BUILT_PRODUCTS_DIR; };
		A9B89A361D0341BD000587EF /* AppDelegate.swift */ = {isa = PBXFileReference; lastKnownFileType = sourcecode.swift; path = AppDelegate.swift; sourceTree = "<group>"; };
		A9B89A381D0341BD000587EF /* ViewController.swift */ = {isa = PBXFileReference; lastKnownFileType = sourcecode.swift; path = ViewController.swift; sourceTree = "<group>"; };
		A9B89A3A1D0341BD000587EF /* Assets.xcassets */ = {isa = PBXFileReference; lastKnownFileType = folder.assetcatalog; path = Assets.xcassets; sourceTree = "<group>"; };
		A9B89A3D1D0341BD000587EF /* Base */ = {isa = PBXFileReference; lastKnownFileType = file.storyboard; name = Base; path = Base.lproj/Main.storyboard; sourceTree = "<group>"; };
		A9B89A3F1D0341BD000587EF /* Info.plist */ = {isa = PBXFileReference; lastKnownFileType = text.plist.xml; path = Info.plist; sourceTree = "<group>"; };
/* End PBXFileReference section */

/* Begin PBXFrameworksBuildPhase section */
		A9B89A301D0341BD000587EF /* Frameworks */ = {
			isa = PBXFrameworksBuildPhase;
			buildActionMask = 2147483647;
			files = (
			);
			runOnlyForDeploymentPostprocessing = 0;
		};
/* End PBXFrameworksBuildPhase section */

/* Begin PBXGroup section */
		A9B89A2A1D0341BD000587EF = {
			isa = PBXGroup;
			children = (
				A9B89A351D0341BD000587EF /* OutlineViewReorder */,
				A9B89A341D0341BD000587EF /* Products */,
			);
			sourceTree = "<group>";
		};
		A9B89A341D0341BD000587EF /* Products */ = {
			isa = PBXGroup;
			children = (
				A9B89A331D0341BD000587EF /* OutlineViewReorder.app */,
			);
			name = Products;
			sourceTree = "<group>";
		};
		A9B89A351D0341BD000587EF /* OutlineViewReorder */ = {
			isa = PBXGroup;
			children = (
				A9B89A361D0341BD000587EF /* AppDelegate.swift */,
				A9B89A381D0341BD000587EF /* ViewController.swift */,
				A9B89A3A1D0341BD000587EF /* Assets.xcassets */,
				A9B89A3C1D0341BD000587EF /* Main.storyboard */,
				A9B89A3F1D0341BD000587EF /* Info.plist */,
			);
			path = OutlineViewReorder;
			sourceTree = "<group>";
		};
/* End PBXGroup section */

/* Begin PBXNativeTarget section */
		A9B89A321D0341BD000587EF /* OutlineViewReorder */ = {
			isa = PBXNativeTarget;
			buildConfigurationList = A9B89A421D0341BD000587EF /* Build configuration list for PBXNativeTarget "OutlineViewReorder" */;
			buildPhases = (
				A9B89A2F1D0341BD000587EF /* Sources */,
				A9B89A301D0341BD000587EF /* Frameworks */,
				A9B89A311D0341BD000587EF /* Resources */,
			);
			buildRules = (
			);
			dependencies = (
			);
			name = OutlineViewReorder;
			productName = OutlineViewReorder;
			productReference = A9B89A331D0341BD000587EF /* OutlineViewReorder.app */;
			productType = "com.apple.product-type.application";
		};
/* End PBXNativeTarget section */

/* Begin PBXProject section */
		A9B89A2B1D0341BD000587EF /* Project object */ = {
			isa = PBXProject;
			attributes = {
				LastSwiftUpdateCheck = 0730;
				LastUpgradeCheck = 0730;
				ORGANIZATIONNAME = "Kinematic Systems";
				TargetAttributes = {
					A9B89A321D0341BD000587EF = {
						CreatedOnToolsVersion = 7.3;
					};
				};
			};
			buildConfigurationList = A9B89A2E1D0341BD000587EF /* Build configuration list for PBXProject "OutlineViewReorder" */;
			compatibilityVersion = "Xcode 3.2";
			developmentRegion = English;
			hasScannedForEncodings = 0;
			knownRegions = (
				en,
				Base,
			);
			mainGroup = A9B89A2A1D0341BD000587EF;
			productRefGroup = A9B89A341D0341BD000587EF /* Products */;
			projectDirPath = "";
			projectRoot = "";
			targets = (
				A9B89A321D0341BD000587EF /* OutlineViewReorder */,
			);
		};
/* End PBXProject section */

/* Begin PBXResourcesBuildPhase section */
		A9B89A311D0341BD000587EF /* Resources */ = {
			isa = PBXResourcesBuildPhase;
			buildActionMask = 2147483647;
			files = (
				A9B89A3B1D0341BD000587EF /* Assets.xcassets in Resources */,
				A9B89A3E1D0341BD000587EF /* Main.storyboard in Resources */,
			);
			runOnlyForDeploymentPostprocessing = 0;
		};
/* End PBXResourcesBuildPhase section */

/* Begin PBXSourcesBuildPhase section */
		A9B89A2F1D0341BD000587EF /* Sources */ = {
			isa = PBXSourcesBuildPhase;
			buildActionMask = 2147483647;
			files = (
				A9B89A391D0341BD000587EF /* ViewController.swift in Sources */,
				A9B89A371D0341BD000587EF /* AppDelegate.swift in Sources */,
			);
			runOnlyForDeploymentPostprocessing = 0;
		};
/* End PBXSourcesBuildPhase section */

/* Begin PBXVariantGroup section */
		A9B89A3C1D0341BD000587EF /* Main.storyboard */ = {
			isa = PBXVariantGroup;
			children = (
				A9B89A3D1D0341BD000587EF /* Base */,
			);
			name = Main.storyboard;
			sourceTree = "<group>";
		};
/* End PBXVariantGroup section */

/* Begin XCBuildConfiguration section */
		A9B89A401D0341BD000587EF /* Debug */ = {
			isa = XCBuildConfiguration;
			buildSettings = {
				ALWAYS_SEARCH_USER_PATHS = NO;
				CLANG_ANALYZER_NONNULL = YES;
				CLANG_CXX_LANGUAGE_STANDARD = "gnu++0x";
				CLANG_CXX_LIBRARY = "libc++";
				CLANG_ENABLE_MODULES = YES;
				CLANG_ENABLE_OBJC_ARC = YES;
				CLANG_WARN_BOOL_CONVERSION = YES;
				CLANG_WARN_CONSTANT_CONVERSION = YES;
				CLANG_WARN_DIRECT_OBJC_ISA_USAGE = YES_ERROR;
				CLANG_WARN_EMPTY_BODY = YES;
				CLANG_WARN_ENUM_CONVERSION = YES;
				CLANG_WARN_INT_CONVERSION = YES;
				CLANG_WARN_OBJC_ROOT_CLASS = YES_ERROR;
				CLANG_WARN_UNREACHABLE_CODE = YES;
				CLANG_WARN__DUPLICATE_METHOD_MATCH = YES;
				CODE_SIGN_IDENTITY = "-";
				COPY_PHASE_STRIP = NO;
				DEBUG_INFORMATION_FORMAT = dwarf;
				ENABLE_STRICT_OBJC_MSGSEND = YES;
				ENABLE_TESTABILITY = YES;
				GCC_C_LANGUAGE_STANDARD = gnu99;
				GCC_DYNAMIC_NO_PIC = NO;
				GCC_NO_COMMON_BLOCKS = YES;
				GCC_OPTIMIZATION_LEVEL = 0;
				GCC_PREPROCESSOR_DEFINITIONS = (
					"DEBUG=1",
					"$(inherited)",
				);
				GCC_WARN_64_TO_32_BIT_CONVERSION = YES;
				GCC_WARN_ABOUT_RETURN_TYPE = YES_ERROR;
				GCC_WARN_UNDECLARED_SELECTOR = YES;
				GCC_WARN_UNINITIALIZED_AUTOS = YES_AGGRESSIVE;
				GCC_WARN_UNUSED_FUNCTION = YES;
				GCC_WARN_UNUSED_VARIABLE = YES;
				MACOSX_DEPLOYMENT_TARGET = 10.11;
				MTL_ENABLE_DEBUG_INFO = YES;
				ONLY_ACTIVE_ARCH = YES;
				SDKROOT = macosx;
				SWIFT_OPTIMIZATION_LEVEL = "-Onone";
			};
			name = Debug;
		};
		A9B89A411D0341BD000587EF /* Release */ = {
			isa = XCBuildConfiguration;
			buildSettings = {
				ALWAYS_SEARCH_USER_PATHS = NO;
				CLANG_ANALYZER_NONNULL = YES;
				CLANG_CXX_LANGUAGE_STANDARD = "gnu++0x";
				CLANG_CXX_LIBRARY = "libc++";
				CLANG_ENABLE_MODULES = YES;
				CLANG_ENABLE_OBJC_ARC = YES;
				CLANG_WARN_BOOL_CONVERSION = YES;
				CLANG_WARN_CONSTANT_CONVERSION = YES;
				CLANG_WARN_DIRECT_OBJC_ISA_USAGE = YES_ERROR;
				CLANG_WARN_EMPTY_BODY = YES;
				CLANG_WARN_ENUM_CONVERSION = YES;
				CLANG_WARN_INT_CONVERSION = YES;
				CLANG_WARN_OBJC_ROOT_CLASS = YES_ERROR;
				CLANG_WARN_UNREACHABLE_CODE = YES;
				CLANG_WARN__DUPLICATE_METHOD_MATCH = YES;
				CODE_SIGN_IDENTITY = "-";
				COPY_PHASE_STRIP = NO;
				DEBUG_INFORMATION_FORMAT = "dwarf-with-dsym";
				ENABLE_NS_ASSERTIONS = NO;
				ENABLE_STRICT_OBJC_MSGSEND = YES;
				GCC_C_LANGUAGE_STANDARD = gnu99;
				GCC_NO_COMMON_BLOCKS = YES;
				GCC_WARN_64_TO_32_BIT_CONVERSION = YES;
				GCC_WARN_ABOUT_RETURN_TYPE = YES_ERROR;
				GCC_WARN_UNDECLARED_SELECTOR = YES;
				GCC_WARN_UNINITIALIZED_AUTOS = YES_AGGRESSIVE;
				GCC_WARN_UNUSED_FUNCTION = YES;
				GCC_WARN_UNUSED_VARIABLE = YES;
				MACOSX_DEPLOYMENT_TARGET = 10.11;
				MTL_ENABLE_DEBUG_INFO = NO;
				SDKROOT = macosx;
			};
			name = Release;
		};
		A9B89A431D0341BD000587EF /* Debug */ = {
			isa = XCBuildConfiguration;
			buildSettings = {
				ASSETCATALOG_COMPILER_APPICON_NAME = AppIcon;
				COMBINE_HIDPI_IMAGES = YES;
				INFOPLIST_FILE = OutlineViewReorder/Info.plist;
				LD_RUNPATH_SEARCH_PATHS = "$(inherited) @executable_path/../Frameworks";
				PRODUCT_BUNDLE_IDENTIFIER = com.kinematicsystems.OutlineViewReorder;
				PRODUCT_NAME = "$(TARGET_NAME)";
			};
			name = Debug;
		};
		A9B89A441D0341BD000587EF /* Release */ = {
			isa = XCBuildConfiguration;
			buildSettings = {
				ASSETCATALOG_COMPILER_APPICON_NAME = AppIcon;
				COMBINE_HIDPI_IMAGES = YES;
				INFOPLIST_FILE = OutlineViewReorder/Info.plist;
				LD_RUNPATH_SEARCH_PATHS = "$(inherited) @executable_path/../Frameworks";
				PRODUCT_BUNDLE_IDENTIFIER = com.kinematicsystems.OutlineViewReorder;
				PRODUCT_NAME = "$(TARGET_NAME)";
			};
			name = Release;
		};
/* End XCBuildConfiguration section */

/* Begin XCConfigurationList section */
		A9B89A2E1D0341BD000587EF /* Build configuration list for PBXProject "OutlineViewReorder" */ = {
			isa = XCConfigurationList;
			buildConfigurations = (
				A9B89A401D0341BD000587EF /* Debug */,
				A9B89A411D0341BD000587EF /* Release */,
			);
			defaultConfigurationIsVisible = 0;
			defaultConfigurationName = Release;
		};
		A9B89A421D0341BD000587EF /* Build configuration list for PBXNativeTarget "OutlineViewReorder" */ = {
			isa = XCConfigurationList;
			buildConfigurations = (
				A9B89A431D0341BD000587EF /* Debug */,
				A9B89A441D0341BD000587EF /* Release */,
			);
			defaultConfigurationIsVisible = 0;
		};
/* End XCConfigurationList section */
	};
	rootObject = A9B89A2B1D0341BD000587EF /* Project object */;
}
